
Microsoft Visual Studio Solution File, Format Version 12.00
# Visual Studio Version 17
VisualStudioVersion = 17.2.32519.379
MinimumVisualStudioVersion = 10.0.40219.1
Project("{9A19103F-16F7-4668-BE54-9A1E7A4F7556}") = "Cwiczenie4-poprawa", "Cwiczenie4-poprawa\Cwiczenie4-poprawa.csproj", "{39DDCB44-4612-48FF-A45C-2EA001253C74}"
EndProject
Project("{FAE04EC0-301F-11D3-BF4B-00C04F79EFBC}") = "Linq-test", "Linq-test\Linq-test.csproj", "{53FBAC4C-DE2B-43A3-B6F0-4B695E643BB1}"
EndProject
Project("{FAE04EC0-301F-11D3-BF4B-00C04F79EFBC}") = "Tests", "Tests\Tests.csproj", "{239EDC51-9C79-4CD6-B5AF-E12CEBC8611C}"
EndProject
Global
	GlobalSection(SolutionConfigurationPlatforms) = preSolution
		Debug|Any CPU = Debug|Any CPU
		Release|Any CPU = Release|Any CPU
	EndGlobalSection
	GlobalSection(ProjectConfigurationPlatforms) = postSolution
		{39DDCB44-4612-48FF-A45C-2EA001253C74}.Debug|Any CPU.ActiveCfg = Debug|Any CPU
		{39DDCB44-4612-48FF-A45C-2EA001253C74}.Debug|Any CPU.Build.0 = Debug|Any CPU
		{39DDCB44-4612-48FF-A45C-2EA001253C74}.Release|Any CPU.ActiveCfg = Release|Any CPU
		{39DDCB44-4612-48FF-A45C-2EA001253C74}.Release|Any CPU.Build.0 = Release|Any CPU
		{53FBAC4C-DE2B-43A3-B6F0-4B695E643BB1}.Debug|Any CPU.ActiveCfg = Debug|Any CPU
		{53FBAC4C-DE2B-43A3-B6F0-4B695E643BB1}.Debug|Any CPU.Build.0 = Debug|Any CPU
		{53FBAC4C-DE2B-43A3-B6F0-4B695E643BB1}.Release|Any CPU.ActiveCfg = Release|Any CPU
		{53FBAC4C-DE2B-43A3-B6F0-4B695E643BB1}.Release|Any CPU.Build.0 = Release|Any CPU
		{239EDC51-9C79-4CD6-B5AF-E12CEBC8611C}.Debug|Any CPU.ActiveCfg = Debug|Any CPU
		{239EDC51-9C79-4CD6-B5AF-E12CEBC8611C}.Debug|Any CPU.Build.0 = Debug|Any CPU
		{239EDC51-9C79-4CD6-B5AF-E12CEBC8611C}.Release|Any CPU.ActiveCfg = Release|Any CPU
		{239EDC51-9C79-4CD6-B5AF-E12CEBC8611C}.Release|Any CPU.Build.0 = Release|Any CPU
	EndGlobalSection
	GlobalSection(SolutionProperties) = preSolution
		HideSolutionNode = FALSE
	EndGlobalSection
	GlobalSection(ExtensibilityGlobals) = postSolution
		SolutionGuid = {7AD46726-25FA-44EF-BADD-444E75AF6303}
	EndGlobalSection
EndGlobal
